# This file is automatically @generated by Cargo.
# It is not intended for manual editing.
version = 3

[[package]]
name = "broken-ssl-example"
version = "0.1.0"
dependencies = [
 "openssl-src",
]

[[package]]
name = "cc"
version = "1.0.79"
source = "registry+https://github.com/rust-lang/crates.io-index"
checksum = "50d30906286121d95be3d479533b458f87493b30a4b5f79a607db8f5d11aa91f"

[[package]]
name = "openssl-src"
version = "300.1.0+3.1.0"
source = "registry+https://github.com/rust-lang/crates.io-index"
checksum = "8596d772e98cb74f66ca3e86d7bf90d0464c0eb3da9f7d84798ee841ecfc9322"
dependencies = [
 "cc",
]
